// !$*UTF8*$!
{
	archiveVersion = 1;
	classes = {
	};
	objectVersion = 56;
	objects = {

/* Begin PBXBuildFile section */
		4CE36770467DA345CF5EDF96 /* Pods_TheNewYorkTimesTests.framework in Frameworks */ = {isa = PBXBuildFile; fileRef = 7C03AECE021538DC9657F009 /* Pods_TheNewYorkTimesTests.framework */; };
		645EF97C56B731066BEAFB59 /* Pods_TheNewYorkTimes.framework in Frameworks */ = {isa = PBXBuildFile; fileRef = 79F58DC8BB15F7F14EB1D699 /* Pods_TheNewYorkTimes.framework */; };
		AFBCE4002CC1F5D900A93C32 /* ManagerConnections.swift in Sources */ = {isa = PBXBuildFile; fileRef = AFBCE3FF2CC1F5D900A93C32 /* ManagerConnections.swift */; };
		AFD984B92CC1D90D005BD6E2 /* AppDelegate.swift in Sources */ = {isa = PBXBuildFile; fileRef = AFD984B82CC1D90D005BD6E2 /* AppDelegate.swift */; };
		AFD984BB2CC1D90D005BD6E2 /* SceneDelegate.swift in Sources */ = {isa = PBXBuildFile; fileRef = AFD984BA2CC1D90D005BD6E2 /* SceneDelegate.swift */; };
		AFD984C32CC1D90D005BD6E2 /* TheNewYorkTimes.xcdatamodeld in Sources */ = {isa = PBXBuildFile; fileRef = AFD984C12CC1D90D005BD6E2 /* TheNewYorkTimes.xcdatamodeld */; };
		AFD984C52CC1D912005BD6E2 /* Assets.xcassets in Resources */ = {isa = PBXBuildFile; fileRef = AFD984C42CC1D912005BD6E2 /* Assets.xcassets */; };
		AFD984C82CC1D912005BD6E2 /* LaunchScreen.storyboard in Resources */ = {isa = PBXBuildFile; fileRef = AFD984C62CC1D912005BD6E2 /* LaunchScreen.storyboard */; };
		AFD984D32CC1D913005BD6E2 /* TheNewYorkTimesTests.swift in Sources */ = {isa = PBXBuildFile; fileRef = AFD984D22CC1D913005BD6E2 /* TheNewYorkTimesTests.swift */; };
		AFD984DD2CC1D913005BD6E2 /* TheNewYorkTimesUITests.swift in Sources */ = {isa = PBXBuildFile; fileRef = AFD984DC2CC1D913005BD6E2 /* TheNewYorkTimesUITests.swift */; };
		AFD984DF2CC1D913005BD6E2 /* TheNewYorkTimesUITestsLaunchTests.swift in Sources */ = {isa = PBXBuildFile; fileRef = AFD984DE2CC1D913005BD6E2 /* TheNewYorkTimesUITestsLaunchTests.swift */; };
		AFD984EF2CC1DA67005BD6E2 /* MostPopularEmailedArticles.swift in Sources */ = {isa = PBXBuildFile; fileRef = AFD984EE2CC1DA67005BD6E2 /* MostPopularEmailedArticles.swift */; };
		AFD984F32CC1DD16005BD6E2 /* LMPEmailArticlesVC.swift in Sources */ = {isa = PBXBuildFile; fileRef = AFD984F12CC1DD16005BD6E2 /* LMPEmailArticlesVC.swift */; };
		AFD984F42CC1DD16005BD6E2 /* LMPEmailArticlesVC.xib in Resources */ = {isa = PBXBuildFile; fileRef = AFD984F22CC1DD16005BD6E2 /* LMPEmailArticlesVC.xib */; };
		AFD984F72CC1DDA6005BD6E2 /* LMPEmailArticlesRouter.swift in Sources */ = {isa = PBXBuildFile; fileRef = AFD984F62CC1DDA6005BD6E2 /* LMPEmailArticlesRouter.swift */; };
		AFD984FA2CC1DFDE005BD6E2 /* LMPEmailArticlesViewModel.swift in Sources */ = {isa = PBXBuildFile; fileRef = AFD984F92CC1DFDE005BD6E2 /* LMPEmailArticlesViewModel.swift */; };
		AFD984FE2CC1E7FB005BD6E2 /* LMPEmailArticleCell.swift in Sources */ = {isa = PBXBuildFile; fileRef = AFD984FC2CC1E7FB005BD6E2 /* LMPEmailArticleCell.swift */; };
		AFD984FF2CC1E7FB005BD6E2 /* LMPEmailArticleCell.xib in Resources */ = {isa = PBXBuildFile; fileRef = AFD984FD2CC1E7FB005BD6E2 /* LMPEmailArticleCell.xib */; };
		AFD985022CC1E85E005BD6E2 /* ConstantsURLS.swift in Sources */ = {isa = PBXBuildFile; fileRef = AFD985012CC1E85E005BD6E2 /* ConstantsURLS.swift */; };
		D7973D55424AAB0DE73EAE60 /* Pods_TheNewYorkTimes_TheNewYorkTimesUITests.framework in Frameworks */ = {isa = PBXBuildFile; fileRef = A015B88DCC36D67AF7E6A06A /* Pods_TheNewYorkTimes_TheNewYorkTimesUITests.framework */; };
/* End PBXBuildFile section */

/* Begin PBXContainerItemProxy section */
		AFD984CF2CC1D913005BD6E2 /* PBXContainerItemProxy */ = {
			isa = PBXContainerItemProxy;
			containerPortal = AFD984AD2CC1D90D005BD6E2 /* Project object */;
			proxyType = 1;
			remoteGlobalIDString = AFD984B42CC1D90D005BD6E2;
			remoteInfo = TheNewYorkTimes;
		};
		AFD984D92CC1D913005BD6E2 /* PBXContainerItemProxy */ = {
			isa = PBXContainerItemProxy;
			containerPortal = AFD984AD2CC1D90D005BD6E2 /* Project object */;
			proxyType = 1;
			remoteGlobalIDString = AFD984B42CC1D90D005BD6E2;
			remoteInfo = TheNewYorkTimes;
		};
/* End PBXContainerItemProxy section */

/* Begin PBXFileReference section */
		03C729F41CB0E803612D6A33 /* Pods-TheNewYorkTimesTests.release.xcconfig */ = {isa = PBXFileReference; includeInIndex = 1; lastKnownFileType = text.xcconfig; name = "Pods-TheNewYorkTimesTests.release.xcconfig"; path = "Target Support Files/Pods-TheNewYorkTimesTests/Pods-TheNewYorkTimesTests.release.xcconfig"; sourceTree = "<group>"; };
		0609B74493414AF5549D8D46 /* Pods-TheNewYorkTimes.release.xcconfig */ = {isa = PBXFileReference; includeInIndex = 1; lastKnownFileType = text.xcconfig; name = "Pods-TheNewYorkTimes.release.xcconfig"; path = "Target Support Files/Pods-TheNewYorkTimes/Pods-TheNewYorkTimes.release.xcconfig"; sourceTree = "<group>"; };
		2579BD7F764A6523F683DCE6 /* Pods-TheNewYorkTimesTests.debug.xcconfig */ = {isa = PBXFileReference; includeInIndex = 1; lastKnownFileType = text.xcconfig; name = "Pods-TheNewYorkTimesTests.debug.xcconfig"; path = "Target Support Files/Pods-TheNewYorkTimesTests/Pods-TheNewYorkTimesTests.debug.xcconfig"; sourceTree = "<group>"; };
		375A97F3F6CEB9A621D2C46D /* Pods-TheNewYorkTimes-TheNewYorkTimesUITests.release.xcconfig */ = {isa = PBXFileReference; includeInIndex = 1; lastKnownFileType = text.xcconfig; name = "Pods-TheNewYorkTimes-TheNewYorkTimesUITests.release.xcconfig"; path = "Target Support Files/Pods-TheNewYorkTimes-TheNewYorkTimesUITests/Pods-TheNewYorkTimes-TheNewYorkTimesUITests.release.xcconfig"; sourceTree = "<group>"; };
		79F58DC8BB15F7F14EB1D699 /* Pods_TheNewYorkTimes.framework */ = {isa = PBXFileReference; explicitFileType = wrapper.framework; includeInIndex = 0; path = Pods_TheNewYorkTimes.framework; sourceTree = BUILT_PRODUCTS_DIR; };
		7C03AECE021538DC9657F009 /* Pods_TheNewYorkTimesTests.framework */ = {isa = PBXFileReference; explicitFileType = wrapper.framework; includeInIndex = 0; path = Pods_TheNewYorkTimesTests.framework; sourceTree = BUILT_PRODUCTS_DIR; };
		A015B88DCC36D67AF7E6A06A /* Pods_TheNewYorkTimes_TheNewYorkTimesUITests.framework */ = {isa = PBXFileReference; explicitFileType = wrapper.framework; includeInIndex = 0; path = Pods_TheNewYorkTimes_TheNewYorkTimesUITests.framework; sourceTree = BUILT_PRODUCTS_DIR; };
		AFBCE3FF2CC1F5D900A93C32 /* ManagerConnections.swift */ = {isa = PBXFileReference; lastKnownFileType = sourcecode.swift; path = ManagerConnections.swift; sourceTree = "<group>"; };
		AFD984B52CC1D90D005BD6E2 /* TheNewYorkTimes.app */ = {isa = PBXFileReference; explicitFileType = wrapper.application; includeInIndex = 0; path = TheNewYorkTimes.app; sourceTree = BUILT_PRODUCTS_DIR; };
		AFD984B82CC1D90D005BD6E2 /* AppDelegate.swift */ = {isa = PBXFileReference; lastKnownFileType = sourcecode.swift; path = AppDelegate.swift; sourceTree = "<group>"; };
		AFD984BA2CC1D90D005BD6E2 /* SceneDelegate.swift */ = {isa = PBXFileReference; lastKnownFileType = sourcecode.swift; path = SceneDelegate.swift; sourceTree = "<group>"; };
		AFD984C22CC1D90D005BD6E2 /* TheNewYorkTimes.xcdatamodel */ = {isa = PBXFileReference; lastKnownFileType = wrapper.xcdatamodel; path = TheNewYorkTimes.xcdatamodel; sourceTree = "<group>"; };
		AFD984C42CC1D912005BD6E2 /* Assets.xcassets */ = {isa = PBXFileReference; lastKnownFileType = folder.assetcatalog; path = Assets.xcassets; sourceTree = "<group>"; };
		AFD984C72CC1D912005BD6E2 /* Base */ = {isa = PBXFileReference; lastKnownFileType = file.storyboard; name = Base; path = Base.lproj/LaunchScreen.storyboard; sourceTree = "<group>"; };
		AFD984C92CC1D912005BD6E2 /* Info.plist */ = {isa = PBXFileReference; lastKnownFileType = text.plist.xml; path = Info.plist; sourceTree = "<group>"; };
		AFD984CE2CC1D913005BD6E2 /* TheNewYorkTimesTests.xctest */ = {isa = PBXFileReference; explicitFileType = wrapper.cfbundle; includeInIndex = 0; path = TheNewYorkTimesTests.xctest; sourceTree = BUILT_PRODUCTS_DIR; };
		AFD984D22CC1D913005BD6E2 /* TheNewYorkTimesTests.swift */ = {isa = PBXFileReference; lastKnownFileType = sourcecode.swift; path = TheNewYorkTimesTests.swift; sourceTree = "<group>"; };
		AFD984D82CC1D913005BD6E2 /* TheNewYorkTimesUITests.xctest */ = {isa = PBXFileReference; explicitFileType = wrapper.cfbundle; includeInIndex = 0; path = TheNewYorkTimesUITests.xctest; sourceTree = BUILT_PRODUCTS_DIR; };
		AFD984DC2CC1D913005BD6E2 /* TheNewYorkTimesUITests.swift */ = {isa = PBXFileReference; lastKnownFileType = sourcecode.swift; path = TheNewYorkTimesUITests.swift; sourceTree = "<group>"; };
		AFD984DE2CC1D913005BD6E2 /* TheNewYorkTimesUITestsLaunchTests.swift */ = {isa = PBXFileReference; lastKnownFileType = sourcecode.swift; path = TheNewYorkTimesUITestsLaunchTests.swift; sourceTree = "<group>"; };
		AFD984EE2CC1DA67005BD6E2 /* MostPopularEmailedArticles.swift */ = {isa = PBXFileReference; lastKnownFileType = sourcecode.swift; path = MostPopularEmailedArticles.swift; sourceTree = "<group>"; };
		AFD984F12CC1DD16005BD6E2 /* LMPEmailArticlesVC.swift */ = {isa = PBXFileReference; lastKnownFileType = sourcecode.swift; path = LMPEmailArticlesVC.swift; sourceTree = "<group>"; };
		AFD984F22CC1DD16005BD6E2 /* LMPEmailArticlesVC.xib */ = {isa = PBXFileReference; lastKnownFileType = file.xib; path = LMPEmailArticlesVC.xib; sourceTree = "<group>"; };
		AFD984F62CC1DDA6005BD6E2 /* LMPEmailArticlesRouter.swift */ = {isa = PBXFileReference; lastKnownFileType = sourcecode.swift; path = LMPEmailArticlesRouter.swift; sourceTree = "<group>"; };
		AFD984F92CC1DFDE005BD6E2 /* LMPEmailArticlesViewModel.swift */ = {isa = PBXFileReference; lastKnownFileType = sourcecode.swift; path = LMPEmailArticlesViewModel.swift; sourceTree = "<group>"; };
		AFD984FC2CC1E7FB005BD6E2 /* LMPEmailArticleCell.swift */ = {isa = PBXFileReference; lastKnownFileType = sourcecode.swift; path = LMPEmailArticleCell.swift; sourceTree = "<group>"; };
		AFD984FD2CC1E7FB005BD6E2 /* LMPEmailArticleCell.xib */ = {isa = PBXFileReference; lastKnownFileType = file.xib; path = LMPEmailArticleCell.xib; sourceTree = "<group>"; };
		AFD985012CC1E85E005BD6E2 /* ConstantsURLS.swift */ = {isa = PBXFileReference; lastKnownFileType = sourcecode.swift; path = ConstantsURLS.swift; sourceTree = "<group>"; };
		F337B06BFA0A28094188210F /* Pods-TheNewYorkTimes.debug.xcconfig */ = {isa = PBXFileReference; includeInIndex = 1; lastKnownFileType = text.xcconfig; name = "Pods-TheNewYorkTimes.debug.xcconfig"; path = "Target Support Files/Pods-TheNewYorkTimes/Pods-TheNewYorkTimes.debug.xcconfig"; sourceTree = "<group>"; };
		FEE4A727ADFD89FA4D41711A /* Pods-TheNewYorkTimes-TheNewYorkTimesUITests.debug.xcconfig */ = {isa = PBXFileReference; includeInIndex = 1; lastKnownFileType = text.xcconfig; name = "Pods-TheNewYorkTimes-TheNewYorkTimesUITests.debug.xcconfig"; path = "Target Support Files/Pods-TheNewYorkTimes-TheNewYorkTimesUITests/Pods-TheNewYorkTimes-TheNewYorkTimesUITests.debug.xcconfig"; sourceTree = "<group>"; };
/* End PBXFileReference section */

/* Begin PBXFrameworksBuildPhase section */
		AFD984B22CC1D90D005BD6E2 /* Frameworks */ = {
			isa = PBXFrameworksBuildPhase;
			buildActionMask = 2147483647;
			files = (
				645EF97C56B731066BEAFB59 /* Pods_TheNewYorkTimes.framework in Frameworks */,
			);
			runOnlyForDeploymentPostprocessing = 0;
		};
		AFD984CB2CC1D913005BD6E2 /* Frameworks */ = {
			isa = PBXFrameworksBuildPhase;
			buildActionMask = 2147483647;
			files = (
				4CE36770467DA345CF5EDF96 /* Pods_TheNewYorkTimesTests.framework in Frameworks */,
			);
			runOnlyForDeploymentPostprocessing = 0;
		};
		AFD984D52CC1D913005BD6E2 /* Frameworks */ = {
			isa = PBXFrameworksBuildPhase;
			buildActionMask = 2147483647;
			files = (
				D7973D55424AAB0DE73EAE60 /* Pods_TheNewYorkTimes_TheNewYorkTimesUITests.framework in Frameworks */,
			);
			runOnlyForDeploymentPostprocessing = 0;
		};
/* End PBXFrameworksBuildPhase section */

/* Begin PBXGroup section */
		AEAA9A04FFBB8293D063EDC2 /* Pods */ = {
			isa = PBXGroup;
			children = (
				F337B06BFA0A28094188210F /* Pods-TheNewYorkTimes.debug.xcconfig */,
				0609B74493414AF5549D8D46 /* Pods-TheNewYorkTimes.release.xcconfig */,
				FEE4A727ADFD89FA4D41711A /* Pods-TheNewYorkTimes-TheNewYorkTimesUITests.debug.xcconfig */,
				375A97F3F6CEB9A621D2C46D /* Pods-TheNewYorkTimes-TheNewYorkTimesUITests.release.xcconfig */,
				2579BD7F764A6523F683DCE6 /* Pods-TheNewYorkTimesTests.debug.xcconfig */,
				03C729F41CB0E803612D6A33 /* Pods-TheNewYorkTimesTests.release.xcconfig */,
			);
			path = Pods;
			sourceTree = "<group>";
		};
		AFD984AC2CC1D90D005BD6E2 = {
			isa = PBXGroup;
			children = (
				AFD984B72CC1D90D005BD6E2 /* TheNewYorkTimes */,
				AFD984D12CC1D913005BD6E2 /* TheNewYorkTimesTests */,
				AFD984DB2CC1D913005BD6E2 /* TheNewYorkTimesUITests */,
				AFD984B62CC1D90D005BD6E2 /* Products */,
				AEAA9A04FFBB8293D063EDC2 /* Pods */,
				EE37B6BA9F426C034DFF7E8E /* Frameworks */,
			);
			sourceTree = "<group>";
		};
		AFD984B62CC1D90D005BD6E2 /* Products */ = {
			isa = PBXGroup;
			children = (
				AFD984B52CC1D90D005BD6E2 /* TheNewYorkTimes.app */,
				AFD984CE2CC1D913005BD6E2 /* TheNewYorkTimesTests.xctest */,
				AFD984D82CC1D913005BD6E2 /* TheNewYorkTimesUITests.xctest */,
			);
			name = Products;
			sourceTree = "<group>";
		};
		AFD984B72CC1D90D005BD6E2 /* TheNewYorkTimes */ = {
			isa = PBXGroup;
			children = (
				AFD985032CC1E898005BD6E2 /* Network */,
				AFD985002CC1E82B005BD6E2 /* Resources */,
				AFD984F02CC1DBDD005BD6E2 /* LMPEmailArticles */,
				AFD984B82CC1D90D005BD6E2 /* AppDelegate.swift */,
				AFD984BA2CC1D90D005BD6E2 /* SceneDelegate.swift */,
				AFD984C42CC1D912005BD6E2 /* Assets.xcassets */,
				AFD984C62CC1D912005BD6E2 /* LaunchScreen.storyboard */,
				AFD984C92CC1D912005BD6E2 /* Info.plist */,
				AFD984C12CC1D90D005BD6E2 /* TheNewYorkTimes.xcdatamodeld */,
			);
			path = TheNewYorkTimes;
			sourceTree = "<group>";
		};
		AFD984D12CC1D913005BD6E2 /* TheNewYorkTimesTests */ = {
			isa = PBXGroup;
			children = (
				AFD984D22CC1D913005BD6E2 /* TheNewYorkTimesTests.swift */,
			);
			path = TheNewYorkTimesTests;
			sourceTree = "<group>";
		};
		AFD984DB2CC1D913005BD6E2 /* TheNewYorkTimesUITests */ = {
			isa = PBXGroup;
			children = (
				AFD984DC2CC1D913005BD6E2 /* TheNewYorkTimesUITests.swift */,
				AFD984DE2CC1D913005BD6E2 /* TheNewYorkTimesUITestsLaunchTests.swift */,
			);
			path = TheNewYorkTimesUITests;
			sourceTree = "<group>";
		};
		AFD984EB2CC1D953005BD6E2 /* Model */ = {
			isa = PBXGroup;
			children = (
				AFD984EE2CC1DA67005BD6E2 /* MostPopularEmailedArticles.swift */,
			);
			path = Model;
			sourceTree = "<group>";
		};
		AFD984EC2CC1D96A005BD6E2 /* ViewModel */ = {
			isa = PBXGroup;
			children = (
				AFD984F92CC1DFDE005BD6E2 /* LMPEmailArticlesViewModel.swift */,
			);
			path = ViewModel;
			sourceTree = "<group>";
		};
		AFD984ED2CC1D97B005BD6E2 /* View */ = {
			isa = PBXGroup;
			children = (
				AFD984FB2CC1E799005BD6E2 /* Cell */,
				AFD984F12CC1DD16005BD6E2 /* LMPEmailArticlesVC.swift */,
				AFD984F22CC1DD16005BD6E2 /* LMPEmailArticlesVC.xib */,
			);
			path = View;
			sourceTree = "<group>";
		};
		AFD984F02CC1DBDD005BD6E2 /* LMPEmailArticles */ = {
			isa = PBXGroup;
			children = (
				AFD984F52CC1DD26005BD6E2 /* Router */,
				AFD984ED2CC1D97B005BD6E2 /* View */,
				AFD984EC2CC1D96A005BD6E2 /* ViewModel */,
				AFD984EB2CC1D953005BD6E2 /* Model */,
			);
			path = LMPEmailArticles;
			sourceTree = "<group>";
		};
		AFD984F52CC1DD26005BD6E2 /* Router */ = {
			isa = PBXGroup;
			children = (
				AFD984F62CC1DDA6005BD6E2 /* LMPEmailArticlesRouter.swift */,
			);
			path = Router;
			sourceTree = "<group>";
		};
		AFD984FB2CC1E799005BD6E2 /* Cell */ = {
			isa = PBXGroup;
			children = (
				AFD984FC2CC1E7FB005BD6E2 /* LMPEmailArticleCell.swift */,
				AFD984FD2CC1E7FB005BD6E2 /* LMPEmailArticleCell.xib */,
			);
			path = Cell;
			sourceTree = "<group>";
		};
		AFD985002CC1E82B005BD6E2 /* Resources */ = {
			isa = PBXGroup;
			children = (
				AFD985012CC1E85E005BD6E2 /* ConstantsURLS.swift */,
			);
			path = Resources;
			sourceTree = "<group>";
		};
		AFD985032CC1E898005BD6E2 /* Network */ = {
			isa = PBXGroup;
			children = (
				AFBCE3FF2CC1F5D900A93C32 /* ManagerConnections.swift */,
			);
			path = Network;
			sourceTree = "<group>";
		};
		EE37B6BA9F426C034DFF7E8E /* Frameworks */ = {
			isa = PBXGroup;
			children = (
				79F58DC8BB15F7F14EB1D699 /* Pods_TheNewYorkTimes.framework */,
				A015B88DCC36D67AF7E6A06A /* Pods_TheNewYorkTimes_TheNewYorkTimesUITests.framework */,
				7C03AECE021538DC9657F009 /* Pods_TheNewYorkTimesTests.framework */,
			);
			name = Frameworks;
			sourceTree = "<group>";
		};
/* End PBXGroup section */

/* Begin PBXNativeTarget section */
		AFD984B42CC1D90D005BD6E2 /* TheNewYorkTimes */ = {
			isa = PBXNativeTarget;
			buildConfigurationList = AFD984E22CC1D913005BD6E2 /* Build configuration list for PBXNativeTarget "TheNewYorkTimes" */;
			buildPhases = (
				30A455D6CCA9B3BEECBC6F8A /* [CP] Check Pods Manifest.lock */,
				AFD984B12CC1D90D005BD6E2 /* Sources */,
				AFD984B22CC1D90D005BD6E2 /* Frameworks */,
				AFD984B32CC1D90D005BD6E2 /* Resources */,
				0FE7600D43959AAD2BD6E41E /* [CP] Embed Pods Frameworks */,
			);
			buildRules = (
			);
			dependencies = (
			);
			name = TheNewYorkTimes;
			productName = TheNewYorkTimes;
			productReference = AFD984B52CC1D90D005BD6E2 /* TheNewYorkTimes.app */;
			productType = "com.apple.product-type.application";
		};
		AFD984CD2CC1D913005BD6E2 /* TheNewYorkTimesTests */ = {
			isa = PBXNativeTarget;
			buildConfigurationList = AFD984E52CC1D913005BD6E2 /* Build configuration list for PBXNativeTarget "TheNewYorkTimesTests" */;
			buildPhases = (
				8B7861F2F8C0395AAD7DA35D /* [CP] Check Pods Manifest.lock */,
				AFD984CA2CC1D913005BD6E2 /* Sources */,
				AFD984CB2CC1D913005BD6E2 /* Frameworks */,
				AFD984CC2CC1D913005BD6E2 /* Resources */,
			);
			buildRules = (
			);
			dependencies = (
				AFD984D02CC1D913005BD6E2 /* PBXTargetDependency */,
			);
			name = TheNewYorkTimesTests;
			productName = TheNewYorkTimesTests;
			productReference = AFD984CE2CC1D913005BD6E2 /* TheNewYorkTimesTests.xctest */;
			productType = "com.apple.product-type.bundle.unit-test";
		};
		AFD984D72CC1D913005BD6E2 /* TheNewYorkTimesUITests */ = {
			isa = PBXNativeTarget;
			buildConfigurationList = AFD984E82CC1D913005BD6E2 /* Build configuration list for PBXNativeTarget "TheNewYorkTimesUITests" */;
			buildPhases = (
				716F8875B73360623F2ECF81 /* [CP] Check Pods Manifest.lock */,
				AFD984D42CC1D913005BD6E2 /* Sources */,
				AFD984D52CC1D913005BD6E2 /* Frameworks */,
				AFD984D62CC1D913005BD6E2 /* Resources */,
				1C2294CFF69FB021DE7E1C46 /* [CP] Embed Pods Frameworks */,
			);
			buildRules = (
			);
			dependencies = (
				AFD984DA2CC1D913005BD6E2 /* PBXTargetDependency */,
			);
			name = TheNewYorkTimesUITests;
			productName = TheNewYorkTimesUITests;
			productReference = AFD984D82CC1D913005BD6E2 /* TheNewYorkTimesUITests.xctest */;
			productType = "com.apple.product-type.bundle.ui-testing";
		};
/* End PBXNativeTarget section */

/* Begin PBXProject section */
		AFD984AD2CC1D90D005BD6E2 /* Project object */ = {
			isa = PBXProject;
			attributes = {
				BuildIndependentTargetsInParallel = 1;
				LastSwiftUpdateCheck = 1420;
				LastUpgradeCheck = 1420;
				TargetAttributes = {
					AFD984B42CC1D90D005BD6E2 = {
						CreatedOnToolsVersion = 14.2;
					};
					AFD984CD2CC1D913005BD6E2 = {
						CreatedOnToolsVersion = 14.2;
						TestTargetID = AFD984B42CC1D90D005BD6E2;
					};
					AFD984D72CC1D913005BD6E2 = {
						CreatedOnToolsVersion = 14.2;
						TestTargetID = AFD984B42CC1D90D005BD6E2;
					};
				};
			};
			buildConfigurationList = AFD984B02CC1D90D005BD6E2 /* Build configuration list for PBXProject "TheNewYorkTimes" */;
			compatibilityVersion = "Xcode 14.0";
			developmentRegion = en;
			hasScannedForEncodings = 0;
			knownRegions = (
				en,
				Base,
			);
			mainGroup = AFD984AC2CC1D90D005BD6E2;
			productRefGroup = AFD984B62CC1D90D005BD6E2 /* Products */;
			projectDirPath = "";
			projectRoot = "";
			targets = (
				AFD984B42CC1D90D005BD6E2 /* TheNewYorkTimes */,
				AFD984CD2CC1D913005BD6E2 /* TheNewYorkTimesTests */,
				AFD984D72CC1D913005BD6E2 /* TheNewYorkTimesUITests */,
			);
		};
/* End PBXProject section */

/* Begin PBXResourcesBuildPhase section */
		AFD984B32CC1D90D005BD6E2 /* Resources */ = {
			isa = PBXResourcesBuildPhase;
			buildActionMask = 2147483647;
			files = (
				AFD984C82CC1D912005BD6E2 /* LaunchScreen.storyboard in Resources */,
				AFD984FF2CC1E7FB005BD6E2 /* LMPEmailArticleCell.xib in Resources */,
				AFD984F42CC1DD16005BD6E2 /* LMPEmailArticlesVC.xib in Resources */,
				AFD984C52CC1D912005BD6E2 /* Assets.xcassets in Resources */,
			);
			runOnlyForDeploymentPostprocessing = 0;
		};
		AFD984CC2CC1D913005BD6E2 /* Resources */ = {
			isa = PBXResourcesBuildPhase;
			buildActionMask = 2147483647;
			files = (
			);
			runOnlyForDeploymentPostprocessing = 0;
		};
		AFD984D62CC1D913005BD6E2 /* Resources */ = {
			isa = PBXResourcesBuildPhase;
			buildActionMask = 2147483647;
			files = (
			);
			runOnlyForDeploymentPostprocessing = 0;
		};
/* End PBXResourcesBuildPhase section */

/* Begin PBXShellScriptBuildPhase section */
		0FE7600D43959AAD2BD6E41E /* [CP] Embed Pods Frameworks */ = {
			isa = PBXShellScriptBuildPhase;
			buildActionMask = 2147483647;
			files = (
			);
			inputFileListPaths = (
				"${PODS_ROOT}/Target Support Files/Pods-TheNewYorkTimes/Pods-TheNewYorkTimes-frameworks-${CONFIGURATION}-input-files.xcfilelist",
			);
			name = "[CP] Embed Pods Frameworks";
			outputFileListPaths = (
				"${PODS_ROOT}/Target Support Files/Pods-TheNewYorkTimes/Pods-TheNewYorkTimes-frameworks-${CONFIGURATION}-output-files.xcfilelist",
			);
			runOnlyForDeploymentPostprocessing = 0;
			shellPath = /bin/sh;
			shellScript = "\"${PODS_ROOT}/Target Support Files/Pods-TheNewYorkTimes/Pods-TheNewYorkTimes-frameworks.sh\"\n";
			showEnvVarsInLog = 0;
		};
		1C2294CFF69FB021DE7E1C46 /* [CP] Embed Pods Frameworks */ = {
			isa = PBXShellScriptBuildPhase;
			buildActionMask = 2147483647;
			files = (
			);
			inputFileListPaths = (
				"${PODS_ROOT}/Target Support Files/Pods-TheNewYorkTimes-TheNewYorkTimesUITests/Pods-TheNewYorkTimes-TheNewYorkTimesUITests-frameworks-${CONFIGURATION}-input-files.xcfilelist",
			);
			name = "[CP] Embed Pods Frameworks";
			outputFileListPaths = (
				"${PODS_ROOT}/Target Support Files/Pods-TheNewYorkTimes-TheNewYorkTimesUITests/Pods-TheNewYorkTimes-TheNewYorkTimesUITests-frameworks-${CONFIGURATION}-output-files.xcfilelist",
			);
			runOnlyForDeploymentPostprocessing = 0;
			shellPath = /bin/sh;
			shellScript = "\"${PODS_ROOT}/Target Support Files/Pods-TheNewYorkTimes-TheNewYorkTimesUITests/Pods-TheNewYorkTimes-TheNewYorkTimesUITests-frameworks.sh\"\n";
			showEnvVarsInLog = 0;
		};
		30A455D6CCA9B3BEECBC6F8A /* [CP] Check Pods Manifest.lock */ = {
			isa = PBXShellScriptBuildPhase;
			buildActionMask = 2147483647;
			files = (
			);
			inputFileListPaths = (
			);
			inputPaths = (
				"${PODS_PODFILE_DIR_PATH}/Podfile.lock",
				"${PODS_ROOT}/Manifest.lock",
			);
			name = "[CP] Check Pods Manifest.lock";
			outputFileListPaths = (
			);
			outputPaths = (
				"$(DERIVED_FILE_DIR)/Pods-TheNewYorkTimes-checkManifestLockResult.txt",
			);
			runOnlyForDeploymentPostprocessing = 0;
			shellPath = /bin/sh;
			shellScript = "diff \"${PODS_PODFILE_DIR_PATH}/Podfile.lock\" \"${PODS_ROOT}/Manifest.lock\" > /dev/null\nif [ $? != 0 ] ; then\n    # print error to STDERR\n    echo \"error: The sandbox is not in sync with the Podfile.lock. Run 'pod install' or update your CocoaPods installation.\" >&2\n    exit 1\nfi\n# This output is used by Xcode 'outputs' to avoid re-running this script phase.\necho \"SUCCESS\" > \"${SCRIPT_OUTPUT_FILE_0}\"\n";
			showEnvVarsInLog = 0;
		};
		716F8875B73360623F2ECF81 /* [CP] Check Pods Manifest.lock */ = {
			isa = PBXShellScriptBuildPhase;
			buildActionMask = 2147483647;
			files = (
			);
			inputFileListPaths = (
			);
			inputPaths = (
				"${PODS_PODFILE_DIR_PATH}/Podfile.lock",
				"${PODS_ROOT}/Manifest.lock",
			);
			name = "[CP] Check Pods Manifest.lock";
			outputFileListPaths = (
			);
			outputPaths = (
				"$(DERIVED_FILE_DIR)/Pods-TheNewYorkTimes-TheNewYorkTimesUITests-checkManifestLockResult.txt",
			);
			runOnlyForDeploymentPostprocessing = 0;
			shellPath = /bin/sh;
			shellScript = "diff \"${PODS_PODFILE_DIR_PATH}/Podfile.lock\" \"${PODS_ROOT}/Manifest.lock\" > /dev/null\nif [ $? != 0 ] ; then\n    # print error to STDERR\n    echo \"error: The sandbox is not in sync with the Podfile.lock. Run 'pod install' or update your CocoaPods installation.\" >&2\n    exit 1\nfi\n# This output is used by Xcode 'outputs' to avoid re-running this script phase.\necho \"SUCCESS\" > \"${SCRIPT_OUTPUT_FILE_0}\"\n";
			showEnvVarsInLog = 0;
		};
		8B7861F2F8C0395AAD7DA35D /* [CP] Check Pods Manifest.lock */ = {
			isa = PBXShellScriptBuildPhase;
			buildActionMask = 2147483647;
			files = (
			);
			inputFileListPaths = (
			);
			inputPaths = (
				"${PODS_PODFILE_DIR_PATH}/Podfile.lock",
				"${PODS_ROOT}/Manifest.lock",
			);
			name = "[CP] Check Pods Manifest.lock";
			outputFileListPaths = (
			);
			outputPaths = (
				"$(DERIVED_FILE_DIR)/Pods-TheNewYorkTimesTests-checkManifestLockResult.txt",
			);
			runOnlyForDeploymentPostprocessing = 0;
			shellPath = /bin/sh;
			shellScript = "diff \"${PODS_PODFILE_DIR_PATH}/Podfile.lock\" \"${PODS_ROOT}/Manifest.lock\" > /dev/null\nif [ $? != 0 ] ; then\n    # print error to STDERR\n    echo \"error: The sandbox is not in sync with the Podfile.lock. Run 'pod install' or update your CocoaPods installation.\" >&2\n    exit 1\nfi\n# This output is used by Xcode 'outputs' to avoid re-running this script phase.\necho \"SUCCESS\" > \"${SCRIPT_OUTPUT_FILE_0}\"\n";
			showEnvVarsInLog = 0;
		};
/* End PBXShellScriptBuildPhase section */

/* Begin PBXSourcesBuildPhase section */
		AFD984B12CC1D90D005BD6E2 /* Sources */ = {
			isa = PBXSourcesBuildPhase;
			buildActionMask = 2147483647;
			files = (
				AFD985022CC1E85E005BD6E2 /* ConstantsURLS.swift in Sources */,
				AFD984B92CC1D90D005BD6E2 /* AppDelegate.swift in Sources */,
				AFD984FE2CC1E7FB005BD6E2 /* LMPEmailArticleCell.swift in Sources */,
				AFD984C32CC1D90D005BD6E2 /* TheNewYorkTimes.xcdatamodeld in Sources */,
				AFD984F72CC1DDA6005BD6E2 /* LMPEmailArticlesRouter.swift in Sources */,
				AFD984BB2CC1D90D005BD6E2 /* SceneDelegate.swift in Sources */,
				AFD984EF2CC1DA67005BD6E2 /* MostPopularEmailedArticles.swift in Sources */,
				AFD984FA2CC1DFDE005BD6E2 /* LMPEmailArticlesViewModel.swift in Sources */,
				AFBCE4002CC1F5D900A93C32 /* ManagerConnections.swift in Sources */,
				AFD984F32CC1DD16005BD6E2 /* LMPEmailArticlesVC.swift in Sources */,
			);
			runOnlyForDeploymentPostprocessing = 0;
		};
		AFD984CA2CC1D913005BD6E2 /* Sources */ = {
			isa = PBXSourcesBuildPhase;
			buildActionMask = 2147483647;
			files = (
				AFD984D32CC1D913005BD6E2 /* TheNewYorkTimesTests.swift in Sources */,
			);
			runOnlyForDeploymentPostprocessing = 0;
		};
		AFD984D42CC1D913005BD6E2 /* Sources */ = {
			isa = PBXSourcesBuildPhase;
			buildActionMask = 2147483647;
			files = (
				AFD984DD2CC1D913005BD6E2 /* TheNewYorkTimesUITests.swift in Sources */,
				AFD984DF2CC1D913005BD6E2 /* TheNewYorkTimesUITestsLaunchTests.swift in Sources */,
			);
			runOnlyForDeploymentPostprocessing = 0;
		};
/* End PBXSourcesBuildPhase section */

/* Begin PBXTargetDependency section */
		AFD984D02CC1D913005BD6E2 /* PBXTargetDependency */ = {
			isa = PBXTargetDependency;
			target = AFD984B42CC1D90D005BD6E2 /* TheNewYorkTimes */;
			targetProxy = AFD984CF2CC1D913005BD6E2 /* PBXContainerItemProxy */;
		};
		AFD984DA2CC1D913005BD6E2 /* PBXTargetDependency */ = {
			isa = PBXTargetDependency;
			target = AFD984B42CC1D90D005BD6E2 /* TheNewYorkTimes */;
			targetProxy = AFD984D92CC1D913005BD6E2 /* PBXContainerItemProxy */;
		};
/* End PBXTargetDependency section */

/* Begin PBXVariantGroup section */
		AFD984C62CC1D912005BD6E2 /* LaunchScreen.storyboard */ = {
			isa = PBXVariantGroup;
			children = (
				AFD984C72CC1D912005BD6E2 /* Base */,
			);
			name = LaunchScreen.storyboard;
			sourceTree = "<group>";
		};
/* End PBXVariantGroup section */

/* Begin XCBuildConfiguration section */
		AFD984E02CC1D913005BD6E2 /* Debug */ = {
			isa = XCBuildConfiguration;
			buildSettings = {
				ALWAYS_SEARCH_USER_PATHS = NO;
				CLANG_ANALYZER_NONNULL = YES;
				CLANG_ANALYZER_NUMBER_OBJECT_CONVERSION = YES_AGGRESSIVE;
				CLANG_CXX_LANGUAGE_STANDARD = "gnu++20";
				CLANG_ENABLE_MODULES = YES;
				CLANG_ENABLE_OBJC_ARC = YES;
				CLANG_ENABLE_OBJC_WEAK = YES;
				CLANG_WARN_BLOCK_CAPTURE_AUTORELEASING = YES;
				CLANG_WARN_BOOL_CONVERSION = YES;
				CLANG_WARN_COMMA = YES;
				CLANG_WARN_CONSTANT_CONVERSION = YES;
				CLANG_WARN_DEPRECATED_OBJC_IMPLEMENTATIONS = YES;
				CLANG_WARN_DIRECT_OBJC_ISA_USAGE = YES_ERROR;
				CLANG_WARN_DOCUMENTATION_COMMENTS = YES;
				CLANG_WARN_EMPTY_BODY = YES;
				CLANG_WARN_ENUM_CONVERSION = YES;
				CLANG_WARN_INFINITE_RECURSION = YES;
				CLANG_WARN_INT_CONVERSION = YES;
				CLANG_WARN_NON_LITERAL_NULL_CONVERSION = YES;
				CLANG_WARN_OBJC_IMPLICIT_RETAIN_SELF = YES;
				CLANG_WARN_OBJC_LITERAL_CONVERSION = YES;
				CLANG_WARN_OBJC_ROOT_CLASS = YES_ERROR;
				CLANG_WARN_QUOTED_INCLUDE_IN_FRAMEWORK_HEADER = YES;
				CLANG_WARN_RANGE_LOOP_ANALYSIS = YES;
				CLANG_WARN_STRICT_PROTOTYPES = YES;
				CLANG_WARN_SUSPICIOUS_MOVE = YES;
				CLANG_WARN_UNGUARDED_AVAILABILITY = YES_AGGRESSIVE;
				CLANG_WARN_UNREACHABLE_CODE = YES;
				CLANG_WARN__DUPLICATE_METHOD_MATCH = YES;
				COPY_PHASE_STRIP = NO;
				DEBUG_INFORMATION_FORMAT = dwarf;
				ENABLE_STRICT_OBJC_MSGSEND = YES;
				ENABLE_TESTABILITY = YES;
				GCC_C_LANGUAGE_STANDARD = gnu11;
				GCC_DYNAMIC_NO_PIC = NO;
				GCC_NO_COMMON_BLOCKS = YES;
				GCC_OPTIMIZATION_LEVEL = 0;
				GCC_PREPROCESSOR_DEFINITIONS = (
					"DEBUG=1",
					"$(inherited)",
				);
				GCC_WARN_64_TO_32_BIT_CONVERSION = YES;
				GCC_WARN_ABOUT_RETURN_TYPE = YES_ERROR;
				GCC_WARN_UNDECLARED_SELECTOR = YES;
				GCC_WARN_UNINITIALIZED_AUTOS = YES_AGGRESSIVE;
				GCC_WARN_UNUSED_FUNCTION = YES;
				GCC_WARN_UNUSED_VARIABLE = YES;
				IPHONEOS_DEPLOYMENT_TARGET = 16.0;
				MTL_ENABLE_DEBUG_INFO = INCLUDE_SOURCE;
				MTL_FAST_MATH = YES;
				ONLY_ACTIVE_ARCH = YES;
				SDKROOT = iphoneos;
				SWIFT_ACTIVE_COMPILATION_CONDITIONS = DEBUG;
				SWIFT_OPTIMIZATION_LEVEL = "-Onone";
			};
			name = Debug;
		};
		AFD984E12CC1D913005BD6E2 /* Release */ = {
			isa = XCBuildConfiguration;
			buildSettings = {
				ALWAYS_SEARCH_USER_PATHS = NO;
				CLANG_ANALYZER_NONNULL = YES;
				CLANG_ANALYZER_NUMBER_OBJECT_CONVERSION = YES_AGGRESSIVE;
				CLANG_CXX_LANGUAGE_STANDARD = "gnu++20";
				CLANG_ENABLE_MODULES = YES;
				CLANG_ENABLE_OBJC_ARC = YES;
				CLANG_ENABLE_OBJC_WEAK = YES;
				CLANG_WARN_BLOCK_CAPTURE_AUTORELEASING = YES;
				CLANG_WARN_BOOL_CONVERSION = YES;
				CLANG_WARN_COMMA = YES;
				CLANG_WARN_CONSTANT_CONVERSION = YES;
				CLANG_WARN_DEPRECATED_OBJC_IMPLEMENTATIONS = YES;
				CLANG_WARN_DIRECT_OBJC_ISA_USAGE = YES_ERROR;
				CLANG_WARN_DOCUMENTATION_COMMENTS = YES;
				CLANG_WARN_EMPTY_BODY = YES;
				CLANG_WARN_ENUM_CONVERSION = YES;
				CLANG_WARN_INFINITE_RECURSION = YES;
				CLANG_WARN_INT_CONVERSION = YES;
				CLANG_WARN_NON_LITERAL_NULL_CONVERSION = YES;
				CLANG_WARN_OBJC_IMPLICIT_RETAIN_SELF = YES;
				CLANG_WARN_OBJC_LITERAL_CONVERSION = YES;
				CLANG_WARN_OBJC_ROOT_CLASS = YES_ERROR;
				CLANG_WARN_QUOTED_INCLUDE_IN_FRAMEWORK_HEADER = YES;
				CLANG_WARN_RANGE_LOOP_ANALYSIS = YES;
				CLANG_WARN_STRICT_PROTOTYPES = YES;
				CLANG_WARN_SUSPICIOUS_MOVE = YES;
				CLANG_WARN_UNGUARDED_AVAILABILITY = YES_AGGRESSIVE;
				CLANG_WARN_UNREACHABLE_CODE = YES;
				CLANG_WARN__DUPLICATE_METHOD_MATCH = YES;
				COPY_PHASE_STRIP = NO;
				DEBUG_INFORMATION_FORMAT = "dwarf-with-dsym";
				ENABLE_NS_ASSERTIONS = NO;
				ENABLE_STRICT_OBJC_MSGSEND = YES;
				GCC_C_LANGUAGE_STANDARD = gnu11;
				GCC_NO_COMMON_BLOCKS = YES;
				GCC_WARN_64_TO_32_BIT_CONVERSION = YES;
				GCC_WARN_ABOUT_RETURN_TYPE = YES_ERROR;
				GCC_WARN_UNDECLARED_SELECTOR = YES;
				GCC_WARN_UNINITIALIZED_AUTOS = YES_AGGRESSIVE;
				GCC_WARN_UNUSED_FUNCTION = YES;
				GCC_WARN_UNUSED_VARIABLE = YES;
				IPHONEOS_DEPLOYMENT_TARGET = 16.0;
				MTL_ENABLE_DEBUG_INFO = NO;
				MTL_FAST_MATH = YES;
				SDKROOT = iphoneos;
				SWIFT_COMPILATION_MODE = wholemodule;
				SWIFT_OPTIMIZATION_LEVEL = "-O";
				VALIDATE_PRODUCT = YES;
			};
			name = Release;
		};
		AFD984E32CC1D913005BD6E2 /* Debug */ = {
			isa = XCBuildConfiguration;
			baseConfigurationReference = F337B06BFA0A28094188210F /* Pods-TheNewYorkTimes.debug.xcconfig */;
			buildSettings = {
				ASSETCATALOG_COMPILER_APPICON_NAME = AppIcon;
				ASSETCATALOG_COMPILER_GLOBAL_ACCENT_COLOR_NAME = AccentColor;
				CODE_SIGN_STYLE = Automatic;
				CURRENT_PROJECT_VERSION = 1;
				DEVELOPMENT_TEAM = 3FYVV972G7;
				GENERATE_INFOPLIST_FILE = YES;
				INFOPLIST_FILE = TheNewYorkTimes/Info.plist;
				INFOPLIST_KEY_UIApplicationSupportsIndirectInputEvents = YES;
				INFOPLIST_KEY_UILaunchStoryboardName = LaunchScreen;
				INFOPLIST_KEY_UISupportedInterfaceOrientations_iPad = "UIInterfaceOrientationPortrait UIInterfaceOrientationPortraitUpsideDown UIInterfaceOrientationLandscapeLeft UIInterfaceOrientationLandscapeRight";
				INFOPLIST_KEY_UISupportedInterfaceOrientations_iPhone = "UIInterfaceOrientationPortrait UIInterfaceOrientationLandscapeLeft UIInterfaceOrientationLandscapeRight";
				LD_RUNPATH_SEARCH_PATHS = (
					"$(inherited)",
					"@executable_path/Frameworks",
				);
				MARKETING_VERSION = 1.0;
				PRODUCT_BUNDLE_IDENTIFIER = com.alex.TheNewYorkTimes;
				PRODUCT_NAME = "$(TARGET_NAME)";
				SWIFT_EMIT_LOC_STRINGS = YES;
				SWIFT_VERSION = 5.0;
				TARGETED_DEVICE_FAMILY = "1,2";
			};
			name = Debug;
		};
		AFD984E42CC1D913005BD6E2 /* Release */ = {
			isa = XCBuildConfiguration;
			baseConfigurationReference = 0609B74493414AF5549D8D46 /* Pods-TheNewYorkTimes.release.xcconfig */;
			buildSettings = {
				ASSETCATALOG_COMPILER_APPICON_NAME = AppIcon;
				ASSETCATALOG_COMPILER_GLOBAL_ACCENT_COLOR_NAME = AccentColor;
				CODE_SIGN_STYLE = Automatic;
				CURRENT_PROJECT_VERSION = 1;
				DEVELOPMENT_TEAM = 3FYVV972G7;
				GENERATE_INFOPLIST_FILE = YES;
				INFOPLIST_FILE = TheNewYorkTimes/Info.plist;
				INFOPLIST_KEY_UIApplicationSupportsIndirectInputEvents = YES;
				INFOPLIST_KEY_UILaunchStoryboardName = LaunchScreen;
				INFOPLIST_KEY_UISupportedInterfaceOrientations_iPad = "UIInterfaceOrientationPortrait UIInterfaceOrientationPortraitUpsideDown UIInterfaceOrientationLandscapeLeft UIInterfaceOrientationLandscapeRight";
				INFOPLIST_KEY_UISupportedInterfaceOrientations_iPhone = "UIInterfaceOrientationPortrait UIInterfaceOrientationLandscapeLeft UIInterfaceOrientationLandscapeRight";
				LD_RUNPATH_SEARCH_PATHS = (
					"$(inherited)",
					"@executable_path/Frameworks",
				);
				MARKETING_VERSION = 1.0;
				PRODUCT_BUNDLE_IDENTIFIER = com.alex.TheNewYorkTimes;
				PRODUCT_NAME = "$(TARGET_NAME)";
				SWIFT_EMIT_LOC_STRINGS = YES;
				SWIFT_VERSION = 5.0;
				TARGETED_DEVICE_FAMILY = "1,2";
			};
			name = Release;
		};
		AFD984E62CC1D913005BD6E2 /* Debug */ = {
			isa = XCBuildConfiguration;
			baseConfigurationReference = 2579BD7F764A6523F683DCE6 /* Pods-TheNewYorkTimesTests.debug.xcconfig */;
			buildSettings = {
				ALWAYS_EMBED_SWIFT_STANDARD_LIBRARIES = YES;
				BUNDLE_LOADER = "$(TEST_HOST)";
				CODE_SIGN_STYLE = Automatic;
				CURRENT_PROJECT_VERSION = 1;
				DEVELOPMENT_TEAM = 3FYVV972G7;
				GENERATE_INFOPLIST_FILE = YES;
				IPHONEOS_DEPLOYMENT_TARGET = 16.2;
				MARKETING_VERSION = 1.0;
				PRODUCT_BUNDLE_IDENTIFIER = com.alex.TheNewYorkTimesTests;
				PRODUCT_NAME = "$(TARGET_NAME)";
				SWIFT_EMIT_LOC_STRINGS = NO;
				SWIFT_VERSION = 5.0;
				TARGETED_DEVICE_FAMILY = "1,2";
				TEST_HOST = "$(BUILT_PRODUCTS_DIR)/TheNewYorkTimes.app/$(BUNDLE_EXECUTABLE_FOLDER_PATH)/TheNewYorkTimes";
			};
			name = Debug;
		};
		AFD984E72CC1D913005BD6E2 /* Release */ = {
			isa = XCBuildConfiguration;
			baseConfigurationReference = 03C729F41CB0E803612D6A33 /* Pods-TheNewYorkTimesTests.release.xcconfig */;
			buildSettings = {
				ALWAYS_EMBED_SWIFT_STANDARD_LIBRARIES = YES;
				BUNDLE_LOADER = "$(TEST_HOST)";
				CODE_SIGN_STYLE = Automatic;
				CURRENT_PROJECT_VERSION = 1;
				DEVELOPMENT_TEAM = 3FYVV972G7;
				GENERATE_INFOPLIST_FILE = YES;
				IPHONEOS_DEPLOYMENT_TARGET = 16.2;
				MARKETING_VERSION = 1.0;
				PRODUCT_BUNDLE_IDENTIFIER = com.alex.TheNewYorkTimesTests;
				PRODUCT_NAME = "$(TARGET_NAME)";
				SWIFT_EMIT_LOC_STRINGS = NO;
				SWIFT_VERSION = 5.0;
				TARGETED_DEVICE_FAMILY = "1,2";
				TEST_HOST = "$(BUILT_PRODUCTS_DIR)/TheNewYorkTimes.app/$(BUNDLE_EXECUTABLE_FOLDER_PATH)/TheNewYorkTimes";
			};
			name = Release;
		};
		AFD984E92CC1D913005BD6E2 /* Debug */ = {
			isa = XCBuildConfiguration;
			baseConfigurationReference = FEE4A727ADFD89FA4D41711A /* Pods-TheNewYorkTimes-TheNewYorkTimesUITests.debug.xcconfig */;
			buildSettings = {
				ALWAYS_EMBED_SWIFT_STANDARD_LIBRARIES = YES;
				CODE_SIGN_STYLE = Automatic;
				CURRENT_PROJECT_VERSION = 1;
				DEVELOPMENT_TEAM = 3FYVV972G7;
				GENERATE_INFOPLIST_FILE = YES;
				MARKETING_VERSION = 1.0;
				PRODUCT_BUNDLE_IDENTIFIER = com.alex.TheNewYorkTimesUITests;
				PRODUCT_NAME = "$(TARGET_NAME)";
				SWIFT_EMIT_LOC_STRINGS = NO;
				SWIFT_VERSION = 5.0;
				TARGETED_DEVICE_FAMILY = "1,2";
				TEST_TARGET_NAME = TheNewYorkTimes;
			};
			name = Debug;
		};
		AFD984EA2CC1D913005BD6E2 /* Release */ = {
			isa = XCBuildConfiguration;
			baseConfigurationReference = 375A97F3F6CEB9A621D2C46D /* Pods-TheNewYorkTimes-TheNewYorkTimesUITests.release.xcconfig */;
			buildSettings = {
				ALWAYS_EMBED_SWIFT_STANDARD_LIBRARIES = YES;
				CODE_SIGN_STYLE = Automatic;
				CURRENT_PROJECT_VERSION = 1;
				DEVELOPMENT_TEAM = 3FYVV972G7;
				GENERATE_INFOPLIST_FILE = YES;
				MARKETING_VERSION = 1.0;
				PRODUCT_BUNDLE_IDENTIFIER = com.alex.TheNewYorkTimesUITests;
				PRODUCT_NAME = "$(TARGET_NAME)";
				SWIFT_EMIT_LOC_STRINGS = NO;
				SWIFT_VERSION = 5.0;
				TARGETED_DEVICE_FAMILY = "1,2";
				TEST_TARGET_NAME = TheNewYorkTimes;
			};
			name = Release;
		};
/* End XCBuildConfiguration section */

/* Begin XCConfigurationList section */
		AFD984B02CC1D90D005BD6E2 /* Build configuration list for PBXProject "TheNewYorkTimes" */ = {
			isa = XCConfigurationList;
			buildConfigurations = (
				AFD984E02CC1D913005BD6E2 /* Debug */,
				AFD984E12CC1D913005BD6E2 /* Release */,
			);
			defaultConfigurationIsVisible = 0;
			defaultConfigurationName = Release;
		};
		AFD984E22CC1D913005BD6E2 /* Build configuration list for PBXNativeTarget "TheNewYorkTimes" */ = {
			isa = XCConfigurationList;
			buildConfigurations = (
				AFD984E32CC1D913005BD6E2 /* Debug */,
				AFD984E42CC1D913005BD6E2 /* Release */,
			);
			defaultConfigurationIsVisible = 0;
			defaultConfigurationName = Release;
		};
		AFD984E52CC1D913005BD6E2 /* Build configuration list for PBXNativeTarget "TheNewYorkTimesTests" */ = {
			isa = XCConfigurationList;
			buildConfigurations = (
				AFD984E62CC1D913005BD6E2 /* Debug */,
				AFD984E72CC1D913005BD6E2 /* Release */,
			);
			defaultConfigurationIsVisible = 0;
			defaultConfigurationName = Release;
		};
		AFD984E82CC1D913005BD6E2 /* Build configuration list for PBXNativeTarget "TheNewYorkTimesUITests" */ = {
			isa = XCConfigurationList;
			buildConfigurations = (
				AFD984E92CC1D913005BD6E2 /* Debug */,
				AFD984EA2CC1D913005BD6E2 /* Release */,
			);
			defaultConfigurationIsVisible = 0;
			defaultConfigurationName = Release;
		};
/* End XCConfigurationList section */

/* Begin XCVersionGroup section */
		AFD984C12CC1D90D005BD6E2 /* TheNewYorkTimes.xcdatamodeld */ = {
			isa = XCVersionGroup;
			children = (
				AFD984C22CC1D90D005BD6E2 /* TheNewYorkTimes.xcdatamodel */,
			);
			currentVersion = AFD984C22CC1D90D005BD6E2 /* TheNewYorkTimes.xcdatamodel */;
			path = TheNewYorkTimes.xcdatamodeld;
			sourceTree = "<group>";
			versionGroupType = wrapper.xcdatamodel;
		};
/* End XCVersionGroup section */
	};
	rootObject = AFD984AD2CC1D90D005BD6E2 /* Project object */;
}
